// !$*UTF8*$!
{
	archiveVersion = 1;
	classes = {
	};
	objectVersion = 56;
	objects = {

/* Begin PBXBuildFile section */
		D024AAC92BE0BEFC00379654 /* AccelerometerManager.swift in Sources */ = {isa = PBXBuildFile; fileRef = D024AAC82BE0BEFC00379654 /* AccelerometerManager.swift */; };
		D024AACB2BE0D4A400379654 /* StartView.swift in Sources */ = {isa = PBXBuildFile; fileRef = D024AACA2BE0D4A400379654 /* StartView.swift */; };
		D024AAD32BE0F8BE00379654 /* Lottie in Frameworks */ = {isa = PBXBuildFile; productRef = D024AAD22BE0F8BE00379654 /* Lottie */; };
		D08AB7932BDF9F5800E87D9E /* FitMe Watch App.app in Embed Watch Content */ = {isa = PBXBuildFile; fileRef = D08AB7922BDF9F5800E87D9E /* FitMe Watch App.app */; settings = {ATTRIBUTES = (RemoveHeadersOnCopy, ); }; };
		D08AB7982BDF9F5800E87D9E /* FitMeApp.swift in Sources */ = {isa = PBXBuildFile; fileRef = D08AB7972BDF9F5800E87D9E /* FitMeApp.swift */; };
		D08AB79A2BDF9F5800E87D9E /* ContentView.swift in Sources */ = {isa = PBXBuildFile; fileRef = D08AB7992BDF9F5800E87D9E /* ContentView.swift */; };
		D08AB79C2BDF9F5900E87D9E /* Assets.xcassets in Resources */ = {isa = PBXBuildFile; fileRef = D08AB79B2BDF9F5900E87D9E /* Assets.xcassets */; };
		D08AB79F2BDF9F5900E87D9E /* Preview Assets.xcassets in Resources */ = {isa = PBXBuildFile; fileRef = D08AB79E2BDF9F5900E87D9E /* Preview Assets.xcassets */; };
		D08AB7AE2BDFACD300E87D9E /* WorkoutManager.swift in Sources */ = {isa = PBXBuildFile; fileRef = D08AB7AD2BDFACD300E87D9E /* WorkoutManager.swift */; };
		D08AB7B02BE062CB00E87D9E /* SessionPagingView.swift in Sources */ = {isa = PBXBuildFile; fileRef = D08AB7AF2BE062CB00E87D9E /* SessionPagingView.swift */; };
		D08AB7B22BE0647F00E87D9E /* SpeedometerVelocityView.swift in Sources */ = {isa = PBXBuildFile; fileRef = D08AB7B12BE0647F00E87D9E /* SpeedometerVelocityView.swift */; };
		D08AB7B42BE064C500E87D9E /* KilometerProgressView.swift in Sources */ = {isa = PBXBuildFile; fileRef = D08AB7B32BE064C500E87D9E /* KilometerProgressView.swift */; };
		D08AB7B62BE064EC00E87D9E /* RunningVisualizationView.swift in Sources */ = {isa = PBXBuildFile; fileRef = D08AB7B52BE064EC00E87D9E /* RunningVisualizationView.swift */; };
		E92CACAD2BE0FC850048570C /* SDWebImageLottieCoder in Frameworks */ = {isa = PBXBuildFile; productRef = E92CACAC2BE0FC850048570C /* SDWebImageLottieCoder */; };
		E92CACAF2BE0FDCF0048570C /* .gitignore in Resources */ = {isa = PBXBuildFile; fileRef = E92CACAE2BE0FDCF0048570C /* .gitignore */; };
/* End PBXBuildFile section */

/* Begin PBXContainerItemProxy section */
		D08AB7942BDF9F5800E87D9E /* PBXContainerItemProxy */ = {
			isa = PBXContainerItemProxy;
			containerPortal = D08AB7862BDF9F5700E87D9E /* Project object */;
			proxyType = 1;
			remoteGlobalIDString = D08AB7912BDF9F5800E87D9E;
			remoteInfo = "FitMe Watch App";
		};
/* End PBXContainerItemProxy section */

/* Begin PBXCopyFilesBuildPhase section */
		D08AB7A52BDF9F5900E87D9E /* Embed Watch Content */ = {
			isa = PBXCopyFilesBuildPhase;
			buildActionMask = 2147483647;
			dstPath = "$(CONTENTS_FOLDER_PATH)/Watch";
			dstSubfolderSpec = 16;
			files = (
				D08AB7932BDF9F5800E87D9E /* FitMe Watch App.app in Embed Watch Content */,
			);
			name = "Embed Watch Content";
			runOnlyForDeploymentPostprocessing = 0;
		};
/* End PBXCopyFilesBuildPhase section */

/* Begin PBXFileReference section */
		D024AAC82BE0BEFC00379654 /* AccelerometerManager.swift */ = {isa = PBXFileReference; lastKnownFileType = sourcecode.swift; path = AccelerometerManager.swift; sourceTree = "<group>"; };
		D024AACA2BE0D4A400379654 /* StartView.swift */ = {isa = PBXFileReference; lastKnownFileType = sourcecode.swift; path = StartView.swift; sourceTree = "<group>"; };
		D08AB78C2BDF9F5800E87D9E /* FitMe.app */ = {isa = PBXFileReference; explicitFileType = wrapper.application; includeInIndex = 0; path = FitMe.app; sourceTree = BUILT_PRODUCTS_DIR; };
		D08AB7922BDF9F5800E87D9E /* FitMe Watch App.app */ = {isa = PBXFileReference; explicitFileType = wrapper.application; includeInIndex = 0; path = "FitMe Watch App.app"; sourceTree = BUILT_PRODUCTS_DIR; };
		D08AB7972BDF9F5800E87D9E /* FitMeApp.swift */ = {isa = PBXFileReference; lastKnownFileType = sourcecode.swift; path = FitMeApp.swift; sourceTree = "<group>"; };
		D08AB7992BDF9F5800E87D9E /* ContentView.swift */ = {isa = PBXFileReference; lastKnownFileType = sourcecode.swift; path = ContentView.swift; sourceTree = "<group>"; };
		D08AB79B2BDF9F5900E87D9E /* Assets.xcassets */ = {isa = PBXFileReference; lastKnownFileType = folder.assetcatalog; path = Assets.xcassets; sourceTree = "<group>"; };
		D08AB79E2BDF9F5900E87D9E /* Preview Assets.xcassets */ = {isa = PBXFileReference; lastKnownFileType = folder.assetcatalog; path = "Preview Assets.xcassets"; sourceTree = "<group>"; };
		D08AB7A92BDFAC1C00E87D9E /* FitMe Watch App.entitlements */ = {isa = PBXFileReference; lastKnownFileType = text.plist.entitlements; path = "FitMe Watch App.entitlements"; sourceTree = "<group>"; };
		D08AB7AA2BDFAC3100E87D9E /* FitMe-Watch-App-Info.plist */ = {isa = PBXFileReference; lastKnownFileType = text.plist; path = "FitMe-Watch-App-Info.plist"; sourceTree = SOURCE_ROOT; };
		D08AB7AD2BDFACD300E87D9E /* WorkoutManager.swift */ = {isa = PBXFileReference; lastKnownFileType = sourcecode.swift; path = WorkoutManager.swift; sourceTree = "<group>"; };
		D08AB7AF2BE062CB00E87D9E /* SessionPagingView.swift */ = {isa = PBXFileReference; lastKnownFileType = sourcecode.swift; path = SessionPagingView.swift; sourceTree = "<group>"; };
		D08AB7B12BE0647F00E87D9E /* SpeedometerVelocityView.swift */ = {isa = PBXFileReference; lastKnownFileType = sourcecode.swift; path = SpeedometerVelocityView.swift; sourceTree = "<group>"; };
		D08AB7B32BE064C500E87D9E /* KilometerProgressView.swift */ = {isa = PBXFileReference; lastKnownFileType = sourcecode.swift; path = KilometerProgressView.swift; sourceTree = "<group>"; };
		D08AB7B52BE064EC00E87D9E /* RunningVisualizationView.swift */ = {isa = PBXFileReference; lastKnownFileType = sourcecode.swift; path = RunningVisualizationView.swift; sourceTree = "<group>"; };
		E92CACAE2BE0FDCF0048570C /* .gitignore */ = {isa = PBXFileReference; lastKnownFileType = text; path = .gitignore; sourceTree = "<group>"; };
/* End PBXFileReference section */

/* Begin PBXFrameworksBuildPhase section */
		D08AB78F2BDF9F5800E87D9E /* Frameworks */ = {
			isa = PBXFrameworksBuildPhase;
			buildActionMask = 2147483647;
			files = (
				D024AAD32BE0F8BE00379654 /* Lottie in Frameworks */,
				E92CACAD2BE0FC850048570C /* SDWebImageLottieCoder in Frameworks */,
			);
			runOnlyForDeploymentPostprocessing = 0;
		};
/* End PBXFrameworksBuildPhase section */

/* Begin PBXGroup section */
		D08AB7852BDF9F5700E87D9E = {
			isa = PBXGroup;
			children = (
				E92CACAE2BE0FDCF0048570C /* .gitignore */,
				D08AB7962BDF9F5800E87D9E /* FitMe Watch App */,
				D08AB78D2BDF9F5800E87D9E /* Products */,
			);
			sourceTree = "<group>";
		};
		D08AB78D2BDF9F5800E87D9E /* Products */ = {
			isa = PBXGroup;
			children = (
				D08AB78C2BDF9F5800E87D9E /* FitMe.app */,
				D08AB7922BDF9F5800E87D9E /* FitMe Watch App.app */,
			);
			name = Products;
			sourceTree = "<group>";
		};
		D08AB7962BDF9F5800E87D9E /* FitMe Watch App */ = {
			isa = PBXGroup;
			children = (
				D08AB7AA2BDFAC3100E87D9E /* FitMe-Watch-App-Info.plist */,
				D08AB7A92BDFAC1C00E87D9E /* FitMe Watch App.entitlements */,
				D08AB7972BDF9F5800E87D9E /* FitMeApp.swift */,
				D08AB7AD2BDFACD300E87D9E /* WorkoutManager.swift */,
				D024AAC82BE0BEFC00379654 /* AccelerometerManager.swift */,
				D08AB7992BDF9F5800E87D9E /* ContentView.swift */,
				D024AACA2BE0D4A400379654 /* StartView.swift */,
				D08AB7AF2BE062CB00E87D9E /* SessionPagingView.swift */,
				D08AB7B52BE064EC00E87D9E /* RunningVisualizationView.swift */,
				D08AB7B32BE064C500E87D9E /* KilometerProgressView.swift */,
				D08AB7B12BE0647F00E87D9E /* SpeedometerVelocityView.swift */,
				D08AB79B2BDF9F5900E87D9E /* Assets.xcassets */,
				D08AB79D2BDF9F5900E87D9E /* Preview Content */,
			);
			path = "FitMe Watch App";
			sourceTree = "<group>";
		};
		D08AB79D2BDF9F5900E87D9E /* Preview Content */ = {
			isa = PBXGroup;
			children = (
				D08AB79E2BDF9F5900E87D9E /* Preview Assets.xcassets */,
			);
			path = "Preview Content";
			sourceTree = "<group>";
		};
/* End PBXGroup section */

/* Begin PBXNativeTarget section */
		D08AB78B2BDF9F5800E87D9E /* FitMe */ = {
			isa = PBXNativeTarget;
			buildConfigurationList = D08AB7A62BDF9F5900E87D9E /* Build configuration list for PBXNativeTarget "FitMe" */;
			buildPhases = (
				D08AB78A2BDF9F5800E87D9E /* Resources */,
				D08AB7A52BDF9F5900E87D9E /* Embed Watch Content */,
			);
			buildRules = (
			);
			dependencies = (
				D08AB7952BDF9F5800E87D9E /* PBXTargetDependency */,
			);
			name = FitMe;
			productName = FitMe;
			productReference = D08AB78C2BDF9F5800E87D9E /* FitMe.app */;
			productType = "com.apple.product-type.application.watchapp2-container";
		};
		D08AB7912BDF9F5800E87D9E /* FitMe Watch App */ = {
			isa = PBXNativeTarget;
			buildConfigurationList = D08AB7A22BDF9F5900E87D9E /* Build configuration list for PBXNativeTarget "FitMe Watch App" */;
			buildPhases = (
				D08AB78E2BDF9F5800E87D9E /* Sources */,
				D08AB78F2BDF9F5800E87D9E /* Frameworks */,
				D08AB7902BDF9F5800E87D9E /* Resources */,
			);
			buildRules = (
			);
			dependencies = (
			);
			name = "FitMe Watch App";
			packageProductDependencies = (
				D024AAD22BE0F8BE00379654 /* Lottie */,
				E92CACAC2BE0FC850048570C /* SDWebImageLottieCoder */,
			);
			productName = "FitMe Watch App";
			productReference = D08AB7922BDF9F5800E87D9E /* FitMe Watch App.app */;
			productType = "com.apple.product-type.application";
		};
/* End PBXNativeTarget section */

/* Begin PBXProject section */
		D08AB7862BDF9F5700E87D9E /* Project object */ = {
			isa = PBXProject;
			attributes = {
				BuildIndependentTargetsInParallel = 1;
				LastSwiftUpdateCheck = 1530;
				LastUpgradeCheck = 1530;
				TargetAttributes = {
					D08AB78B2BDF9F5800E87D9E = {
						CreatedOnToolsVersion = 15.3;
					};
					D08AB7912BDF9F5800E87D9E = {
						CreatedOnToolsVersion = 15.3;
					};
				};
			};
			buildConfigurationList = D08AB7892BDF9F5700E87D9E /* Build configuration list for PBXProject "FitMe" */;
			compatibilityVersion = "Xcode 14.0";
			developmentRegion = en;
			hasScannedForEncodings = 0;
			knownRegions = (
				en,
				Base,
			);
			mainGroup = D08AB7852BDF9F5700E87D9E;
			packageReferences = (
				D024AAD12BE0F8BE00379654 /* XCRemoteSwiftPackageReference "lottie-spm" */,
				E92CACAB2BE0FC850048570C /* XCRemoteSwiftPackageReference "SDWebImageLottieCoder" */,
			);
			productRefGroup = D08AB78D2BDF9F5800E87D9E /* Products */;
			projectDirPath = "";
			projectRoot = "";
			targets = (
				D08AB78B2BDF9F5800E87D9E /* FitMe */,
				D08AB7912BDF9F5800E87D9E /* FitMe Watch App */,
			);
		};
/* End PBXProject section */

/* Begin PBXResourcesBuildPhase section */
		D08AB78A2BDF9F5800E87D9E /* Resources */ = {
			isa = PBXResourcesBuildPhase;
			buildActionMask = 2147483647;
			files = (
			);
			runOnlyForDeploymentPostprocessing = 0;
		};
		D08AB7902BDF9F5800E87D9E /* Resources */ = {
			isa = PBXResourcesBuildPhase;
			buildActionMask = 2147483647;
			files = (
				D08AB79F2BDF9F5900E87D9E /* Preview Assets.xcassets in Resources */,
				E92CACAF2BE0FDCF0048570C /* .gitignore in Resources */,
				D08AB79C2BDF9F5900E87D9E /* Assets.xcassets in Resources */,
			);
			runOnlyForDeploymentPostprocessing = 0;
		};
/* End PBXResourcesBuildPhase section */

/* Begin PBXSourcesBuildPhase section */
		D08AB78E2BDF9F5800E87D9E /* Sources */ = {
			isa = PBXSourcesBuildPhase;
			buildActionMask = 2147483647;
			files = (
				D024AACB2BE0D4A400379654 /* StartView.swift in Sources */,
				D08AB79A2BDF9F5800E87D9E /* ContentView.swift in Sources */,
				D08AB7B22BE0647F00E87D9E /* SpeedometerVelocityView.swift in Sources */,
				D08AB7982BDF9F5800E87D9E /* FitMeApp.swift in Sources */,
				D024AAC92BE0BEFC00379654 /* AccelerometerManager.swift in Sources */,
				D08AB7AE2BDFACD300E87D9E /* WorkoutManager.swift in Sources */,
				D08AB7B42BE064C500E87D9E /* KilometerProgressView.swift in Sources */,
				D08AB7B02BE062CB00E87D9E /* SessionPagingView.swift in Sources */,
				D08AB7B62BE064EC00E87D9E /* RunningVisualizationView.swift in Sources */,
			);
			runOnlyForDeploymentPostprocessing = 0;
		};
/* End PBXSourcesBuildPhase section */

/* Begin PBXTargetDependency section */
		D08AB7952BDF9F5800E87D9E /* PBXTargetDependency */ = {
			isa = PBXTargetDependency;
			target = D08AB7912BDF9F5800E87D9E /* FitMe Watch App */;
			targetProxy = D08AB7942BDF9F5800E87D9E /* PBXContainerItemProxy */;
		};
/* End PBXTargetDependency section */

/* Begin XCBuildConfiguration section */
		D08AB7A02BDF9F5900E87D9E /* Debug */ = {
			isa = XCBuildConfiguration;
			buildSettings = {
				ALWAYS_SEARCH_USER_PATHS = NO;
				ASSETCATALOG_COMPILER_GENERATE_SWIFT_ASSET_SYMBOL_EXTENSIONS = YES;
				CLANG_ANALYZER_NONNULL = YES;
				CLANG_ANALYZER_NUMBER_OBJECT_CONVERSION = YES_AGGRESSIVE;
				CLANG_CXX_LANGUAGE_STANDARD = "gnu++20";
				CLANG_ENABLE_MODULES = YES;
				CLANG_ENABLE_OBJC_ARC = YES;
				CLANG_ENABLE_OBJC_WEAK = YES;
				CLANG_WARN_BLOCK_CAPTURE_AUTORELEASING = YES;
				CLANG_WARN_BOOL_CONVERSION = YES;
				CLANG_WARN_COMMA = YES;
				CLANG_WARN_CONSTANT_CONVERSION = YES;
				CLANG_WARN_DEPRECATED_OBJC_IMPLEMENTATIONS = YES;
				CLANG_WARN_DIRECT_OBJC_ISA_USAGE = YES_ERROR;
				CLANG_WARN_DOCUMENTATION_COMMENTS = YES;
				CLANG_WARN_EMPTY_BODY = YES;
				CLANG_WARN_ENUM_CONVERSION = YES;
				CLANG_WARN_INFINITE_RECURSION = YES;
				CLANG_WARN_INT_CONVERSION = YES;
				CLANG_WARN_NON_LITERAL_NULL_CONVERSION = YES;
				CLANG_WARN_OBJC_IMPLICIT_RETAIN_SELF = YES;
				CLANG_WARN_OBJC_LITERAL_CONVERSION = YES;
				CLANG_WARN_OBJC_ROOT_CLASS = YES_ERROR;
				CLANG_WARN_QUOTED_INCLUDE_IN_FRAMEWORK_HEADER = YES;
				CLANG_WARN_RANGE_LOOP_ANALYSIS = YES;
				CLANG_WARN_STRICT_PROTOTYPES = YES;
				CLANG_WARN_SUSPICIOUS_MOVE = YES;
				CLANG_WARN_UNGUARDED_AVAILABILITY = YES_AGGRESSIVE;
				CLANG_WARN_UNREACHABLE_CODE = YES;
				CLANG_WARN__DUPLICATE_METHOD_MATCH = YES;
				COPY_PHASE_STRIP = NO;
				DEBUG_INFORMATION_FORMAT = dwarf;
				ENABLE_STRICT_OBJC_MSGSEND = YES;
				ENABLE_TESTABILITY = YES;
				ENABLE_USER_SCRIPT_SANDBOXING = YES;
				GCC_C_LANGUAGE_STANDARD = gnu17;
				GCC_DYNAMIC_NO_PIC = NO;
				GCC_NO_COMMON_BLOCKS = YES;
				GCC_OPTIMIZATION_LEVEL = 0;
				GCC_PREPROCESSOR_DEFINITIONS = (
					"DEBUG=1",
					"$(inherited)",
				);
				GCC_WARN_64_TO_32_BIT_CONVERSION = YES;
				GCC_WARN_ABOUT_RETURN_TYPE = YES_ERROR;
				GCC_WARN_UNDECLARED_SELECTOR = YES;
				GCC_WARN_UNINITIALIZED_AUTOS = YES_AGGRESSIVE;
				GCC_WARN_UNUSED_FUNCTION = YES;
				GCC_WARN_UNUSED_VARIABLE = YES;
				LOCALIZATION_PREFERS_STRING_CATALOGS = YES;
				MTL_ENABLE_DEBUG_INFO = INCLUDE_SOURCE;
				MTL_FAST_MATH = YES;
				ONLY_ACTIVE_ARCH = YES;
				SWIFT_ACTIVE_COMPILATION_CONDITIONS = "DEBUG $(inherited)";
				SWIFT_OPTIMIZATION_LEVEL = "-Onone";
			};
			name = Debug;
		};
		D08AB7A12BDF9F5900E87D9E /* Release */ = {
			isa = XCBuildConfiguration;
			buildSettings = {
				ALWAYS_SEARCH_USER_PATHS = NO;
				ASSETCATALOG_COMPILER_GENERATE_SWIFT_ASSET_SYMBOL_EXTENSIONS = YES;
				CLANG_ANALYZER_NONNULL = YES;
				CLANG_ANALYZER_NUMBER_OBJECT_CONVERSION = YES_AGGRESSIVE;
				CLANG_CXX_LANGUAGE_STANDARD = "gnu++20";
				CLANG_ENABLE_MODULES = YES;
				CLANG_ENABLE_OBJC_ARC = YES;
				CLANG_ENABLE_OBJC_WEAK = YES;
				CLANG_WARN_BLOCK_CAPTURE_AUTORELEASING = YES;
				CLANG_WARN_BOOL_CONVERSION = YES;
				CLANG_WARN_COMMA = YES;
				CLANG_WARN_CONSTANT_CONVERSION = YES;
				CLANG_WARN_DEPRECATED_OBJC_IMPLEMENTATIONS = YES;
				CLANG_WARN_DIRECT_OBJC_ISA_USAGE = YES_ERROR;
				CLANG_WARN_DOCUMENTATION_COMMENTS = YES;
				CLANG_WARN_EMPTY_BODY = YES;
				CLANG_WARN_ENUM_CONVERSION = YES;
				CLANG_WARN_INFINITE_RECURSION = YES;
				CLANG_WARN_INT_CONVERSION = YES;
				CLANG_WARN_NON_LITERAL_NULL_CONVERSION = YES;
				CLANG_WARN_OBJC_IMPLICIT_RETAIN_SELF = YES;
				CLANG_WARN_OBJC_LITERAL_CONVERSION = YES;
				CLANG_WARN_OBJC_ROOT_CLASS = YES_ERROR;
				CLANG_WARN_QUOTED_INCLUDE_IN_FRAMEWORK_HEADER = YES;
				CLANG_WARN_RANGE_LOOP_ANALYSIS = YES;
				CLANG_WARN_STRICT_PROTOTYPES = YES;
				CLANG_WARN_SUSPICIOUS_MOVE = YES;
				CLANG_WARN_UNGUARDED_AVAILABILITY = YES_AGGRESSIVE;
				CLANG_WARN_UNREACHABLE_CODE = YES;
				CLANG_WARN__DUPLICATE_METHOD_MATCH = YES;
				COPY_PHASE_STRIP = NO;
				DEBUG_INFORMATION_FORMAT = "dwarf-with-dsym";
				ENABLE_NS_ASSERTIONS = NO;
				ENABLE_STRICT_OBJC_MSGSEND = YES;
				ENABLE_USER_SCRIPT_SANDBOXING = YES;
				GCC_C_LANGUAGE_STANDARD = gnu17;
				GCC_NO_COMMON_BLOCKS = YES;
				GCC_WARN_64_TO_32_BIT_CONVERSION = YES;
				GCC_WARN_ABOUT_RETURN_TYPE = YES_ERROR;
				GCC_WARN_UNDECLARED_SELECTOR = YES;
				GCC_WARN_UNINITIALIZED_AUTOS = YES_AGGRESSIVE;
				GCC_WARN_UNUSED_FUNCTION = YES;
				GCC_WARN_UNUSED_VARIABLE = YES;
				LOCALIZATION_PREFERS_STRING_CATALOGS = YES;
				MTL_ENABLE_DEBUG_INFO = NO;
				MTL_FAST_MATH = YES;
				SWIFT_COMPILATION_MODE = wholemodule;
			};
			name = Release;
		};
		D08AB7A32BDF9F5900E87D9E /* Debug */ = {
			isa = XCBuildConfiguration;
			buildSettings = {
				ASSETCATALOG_COMPILER_APPICON_NAME = AppIcon;
				ASSETCATALOG_COMPILER_GLOBAL_ACCENT_COLOR_NAME = AccentColor;
				CODE_SIGN_ENTITLEMENTS = "FitMe Watch App/FitMe Watch App.entitlements";
				CODE_SIGN_STYLE = Automatic;
				CURRENT_PROJECT_VERSION = 1;
				DEVELOPMENT_ASSET_PATHS = "\"FitMe Watch App/Preview Content\"";
				DEVELOPMENT_TEAM = H84M48MBJL;
				ENABLE_PREVIEWS = YES;
				GENERATE_INFOPLIST_FILE = YES;
				INFOPLIST_FILE = "FitMe-Watch-App-Info.plist";
				INFOPLIST_KEY_CFBundleDisplayName = FitMe;
				INFOPLIST_KEY_NSHealthShareUsageDescription = "Your workout data is used to suggest your velocity and distance";
				INFOPLIST_KEY_NSHealthUpdateUsageDescription = "Workouts tracked by MyWorkouts on Apple Watch will be saved to HealthKit.";
				INFOPLIST_KEY_UISupportedInterfaceOrientations = "UIInterfaceOrientationPortrait UIInterfaceOrientationPortraitUpsideDown";
				INFOPLIST_KEY_WKWatchOnly = YES;
				LD_RUNPATH_SEARCH_PATHS = (
					"$(inherited)",
					"@executable_path/Frameworks",
				);
				MARKETING_VERSION = 1.0;
				PRODUCT_BUNDLE_IDENTIFIER = "Agfi-Hermawan.FitMe.watchkitapp";
				PRODUCT_NAME = "$(TARGET_NAME)";
				SDKROOT = watchos;
				SKIP_INSTALL = YES;
				SWIFT_EMIT_LOC_STRINGS = YES;
				SWIFT_VERSION = 5.0;
				TARGETED_DEVICE_FAMILY = 4;
				WATCHOS_DEPLOYMENT_TARGET = 10.4;
			};
			name = Debug;
		};
		D08AB7A42BDF9F5900E87D9E /* Release */ = {
			isa = XCBuildConfiguration;
			buildSettings = {
				ASSETCATALOG_COMPILER_APPICON_NAME = AppIcon;
				ASSETCATALOG_COMPILER_GLOBAL_ACCENT_COLOR_NAME = AccentColor;
				CODE_SIGN_ENTITLEMENTS = "FitMe Watch App/FitMe Watch App.entitlements";
				CODE_SIGN_STYLE = Automatic;
				CURRENT_PROJECT_VERSION = 1;
				DEVELOPMENT_ASSET_PATHS = "\"FitMe Watch App/Preview Content\"";
				DEVELOPMENT_TEAM = H84M48MBJL;
				ENABLE_PREVIEWS = YES;
				GENERATE_INFOPLIST_FILE = YES;
				INFOPLIST_FILE = "FitMe-Watch-App-Info.plist";
				INFOPLIST_KEY_CFBundleDisplayName = FitMe;
				INFOPLIST_KEY_NSHealthShareUsageDescription = "Your workout data is used to suggest your velocity and distance";
				INFOPLIST_KEY_NSHealthUpdateUsageDescription = "Workouts tracked by MyWorkouts on Apple Watch will be saved to HealthKit.";
				INFOPLIST_KEY_UISupportedInterfaceOrientations = "UIInterfaceOrientationPortrait UIInterfaceOrientationPortraitUpsideDown";
				INFOPLIST_KEY_WKWatchOnly = YES;
				LD_RUNPATH_SEARCH_PATHS = (
					"$(inherited)",
					"@executable_path/Frameworks",
				);
				MARKETING_VERSION = 1.0;
				PRODUCT_BUNDLE_IDENTIFIER = "Agfi-Hermawan.FitMe.watchkitapp";
				PRODUCT_NAME = "$(TARGET_NAME)";
				SDKROOT = watchos;
				SKIP_INSTALL = YES;
				SWIFT_EMIT_LOC_STRINGS = YES;
				SWIFT_VERSION = 5.0;
				TARGETED_DEVICE_FAMILY = 4;
				VALIDATE_PRODUCT = YES;
				WATCHOS_DEPLOYMENT_TARGET = 10.4;
			};
			name = Release;
		};
		D08AB7A72BDF9F5900E87D9E /* Debug */ = {
			isa = XCBuildConfiguration;
			buildSettings = {
				ALWAYS_EMBED_SWIFT_STANDARD_LIBRARIES = YES;
				CODE_SIGN_STYLE = Automatic;
				CURRENT_PROJECT_VERSION = 1;
				DEVELOPMENT_TEAM = H84M48MBJL;
				INFOPLIST_KEY_CFBundleDisplayName = FitMe;
				MARKETING_VERSION = 1.0;
				PRODUCT_BUNDLE_IDENTIFIER = "Agfi-Hermawan.FitMe";
				PRODUCT_NAME = "$(TARGET_NAME)";
				SDKROOT = iphoneos;
				SWIFT_VERSION = 5.0;
			};
			name = Debug;
		};
		D08AB7A82BDF9F5900E87D9E /* Release */ = {
			isa = XCBuildConfiguration;
			buildSettings = {
				ALWAYS_EMBED_SWIFT_STANDARD_LIBRARIES = YES;
				CODE_SIGN_STYLE = Automatic;
				CURRENT_PROJECT_VERSION = 1;
				DEVELOPMENT_TEAM = H84M48MBJL;
				INFOPLIST_KEY_CFBundleDisplayName = FitMe;
				MARKETING_VERSION = 1.0;
				PRODUCT_BUNDLE_IDENTIFIER = "Agfi-Hermawan.FitMe";
				PRODUCT_NAME = "$(TARGET_NAME)";
				SDKROOT = iphoneos;
				SWIFT_VERSION = 5.0;
				VALIDATE_PRODUCT = YES;
			};
			name = Release;
		};
/* End XCBuildConfiguration section */

/* Begin XCConfigurationList section */
		D08AB7892BDF9F5700E87D9E /* Build configuration list for PBXProject "FitMe" */ = {
			isa = XCConfigurationList;
			buildConfigurations = (
				D08AB7A02BDF9F5900E87D9E /* Debug */,
				D08AB7A12BDF9F5900E87D9E /* Release */,
			);
			defaultConfigurationIsVisible = 0;
			defaultConfigurationName = Release;
		};
		D08AB7A22BDF9F5900E87D9E /* Build configuration list for PBXNativeTarget "FitMe Watch App" */ = {
			isa = XCConfigurationList;
			buildConfigurations = (
				D08AB7A32BDF9F5900E87D9E /* Debug */,
				D08AB7A42BDF9F5900E87D9E /* Release */,
			);
			defaultConfigurationIsVisible = 0;
			defaultConfigurationName = Release;
		};
		D08AB7A62BDF9F5900E87D9E /* Build configuration list for PBXNativeTarget "FitMe" */ = {
			isa = XCConfigurationList;
			buildConfigurations = (
				D08AB7A72BDF9F5900E87D9E /* Debug */,
				D08AB7A82BDF9F5900E87D9E /* Release */,
			);
			defaultConfigurationIsVisible = 0;
			defaultConfigurationName = Release;
		};
/* End XCConfigurationList section */

/* Begin XCRemoteSwiftPackageReference section */
		D024AAD12BE0F8BE00379654 /* XCRemoteSwiftPackageReference "lottie-spm" */ = {
			isa = XCRemoteSwiftPackageReference;
			repositoryURL = "https://github.com/airbnb/lottie-spm.git";
			requirement = {
				kind = upToNextMajorVersion;
				minimumVersion = 4.4.3;
			};
		};
		E92CACAB2BE0FC850048570C /* XCRemoteSwiftPackageReference "SDWebImageLottieCoder" */ = {
			isa = XCRemoteSwiftPackageReference;
			repositoryURL = "https://github.com/SDWebImage/SDWebImageLottieCoder";
			requirement = {
				kind = upToNextMajorVersion;
				minimumVersion = 0.2.0;
			};
		};
/* End XCRemoteSwiftPackageReference section */

/* Begin XCSwiftPackageProductDependency section */
		D024AAD22BE0F8BE00379654 /* Lottie */ = {
			isa = XCSwiftPackageProductDependency;
			package = D024AAD12BE0F8BE00379654 /* XCRemoteSwiftPackageReference "lottie-spm" */;
			productName = Lottie;
		};
		E92CACAC2BE0FC850048570C /* SDWebImageLottieCoder */ = {
			isa = XCSwiftPackageProductDependency;
			package = E92CACAB2BE0FC850048570C /* XCRemoteSwiftPackageReference "SDWebImageLottieCoder" */;
			productName = SDWebImageLottieCoder;
		};
/* End XCSwiftPackageProductDependency section */
	};
	rootObject = D08AB7862BDF9F5700E87D9E /* Project object */;
}
