{
  "originHash" : "6d6c7ed022139328c914b0e85419be8b8c9adb54df7293b668fc2ae762f81905",
  "pins" : [
    {
      "identity" : "librlottie-xcode",
      "kind" : "remoteSourceControl",
      "location" : "https://github.com/SDWebImage/librlottie-Xcode.git",
      "state" : {
        "revision" : "4ae1ba205910c804ee2d4cd7dd7f122964fe3aad",
        "version" : "0.2.1"
      }
    },
    {
      "identity" : "sdwebimage",
      "kind" : "remoteSourceControl",
      "location" : "https://github.com/SDWebImage/SDWebImage.git",
      "state" : {
        "revision" : "f6afa0132961d593f07970d84e2d8b588c29ea04",
        "version" : "5.19.1"
      }
    },
    {
      "identity" : "sdwebimagelottiecoder",
      "kind" : "remoteSourceControl",
      "location" : "https://github.com/SDWebImage/SDWebImageLottieCoder",
      "state" : {
        "revision" : "c9f65679a9b0510b89673507f548a7c0f17ba95f",
        "version" : "0.2.0"
      }
    }
  ],
  "version" : 3
}
